
Microsoft Visual Studio Solution File, Format Version 12.00
# Visual Studio 2012
Project("{8BC9CEB8-8B4A-11D0-8D11-00A0C91BC942}") = "Lab 1A", "Lab 1A\Lab 1A.vcxproj", "{B97A2E14-336A-4AF6-A4D5-4012B5B7C48B}"
EndProject
Global
	GlobalSection(SolutionConfigurationPlatforms) = preSolution
		Debug|Win32 = Debug|Win32
		Release|Win32 = Release|Win32
	EndGlobalSection
	GlobalSection(ProjectConfigurationPlatforms) = postSolution
		{B97A2E14-336A-4AF6-A4D5-4012B5B7C48B}.Debug|Win32.ActiveCfg = Debug|Win32
		{B97A2E14-336A-4AF6-A4D5-4012B5B7C48B}.Debug|Win32.Build.0 = Debug|Win32
		{B97A2E14-336A-4AF6-A4D5-4012B5B7C48B}.Release|Win32.ActiveCfg = Release|Win32
		{B97A2E14-336A-4AF6-A4D5-4012B5B7C48B}.Release|Win32.Build.0 = Release|Win32
	EndGlobalSection
	GlobalSection(SolutionProperties) = preSolution
		HideSolutionNode = FALSE
	EndGlobalSection
EndGlobal
